
Microsoft Visual Studio Solution File, Format Version 12.00
# Visual Studio Version 17
VisualStudioVersion = 17.7.34031.279
MinimumVisualStudioVersion = 10.0.40219.1
Project("{FAE04EC0-301F-11D3-BF4B-00C04F79EFBC}") = "Server", "Server\Server.csproj", "{F2DF1A40-6DBC-4D7F-91E0-F29A8CF1290B}"
EndProject
Project("{FAE04EC0-301F-11D3-BF4B-00C04F79EFBC}") = "Shared", "Shared\Shared.csproj", "{57821154-8B89-4E6A-A40B-BD17C98B1A8B}"
EndProject
Project("{FAE04EC0-301F-11D3-BF4B-00C04F79EFBC}") = "Client", "Client\Client.csproj", "{F8177372-911C-48E3-956D-1DBE62423960}"
EndProject
Global
	GlobalSection(SolutionConfigurationPlatforms) = preSolution
		Debug|Any CPU = Debug|Any CPU
		Release|Any CPU = Release|Any CPU
	EndGlobalSection
	GlobalSection(ProjectConfigurationPlatforms) = postSolution
		{F2DF1A40-6DBC-4D7F-91E0-F29A8CF1290B}.Debug|Any CPU.ActiveCfg = Debug|Any CPU
		{F2DF1A40-6DBC-4D7F-91E0-F29A8CF1290B}.Debug|Any CPU.Build.0 = Debug|Any CPU
		{F2DF1A40-6DBC-4D7F-91E0-F29A8CF1290B}.Release|Any CPU.ActiveCfg = Release|Any CPU
		{F2DF1A40-6DBC-4D7F-91E0-F29A8CF1290B}.Release|Any CPU.Build.0 = Release|Any CPU
		{57821154-8B89-4E6A-A40B-BD17C98B1A8B}.Debug|Any CPU.ActiveCfg = Debug|Any CPU
		{57821154-8B89-4E6A-A40B-BD17C98B1A8B}.Debug|Any CPU.Build.0 = Debug|Any CPU
		{57821154-8B89-4E6A-A40B-BD17C98B1A8B}.Release|Any CPU.ActiveCfg = Release|Any CPU
		{57821154-8B89-4E6A-A40B-BD17C98B1A8B}.Release|Any CPU.Build.0 = Release|Any CPU
		{F8177372-911C-48E3-956D-1DBE62423960}.Debug|Any CPU.ActiveCfg = Debug|Any CPU
		{F8177372-911C-48E3-956D-1DBE62423960}.Debug|Any CPU.Build.0 = Debug|Any CPU
		{F8177372-911C-48E3-956D-1DBE62423960}.Release|Any CPU.ActiveCfg = Release|Any CPU
		{F8177372-911C-48E3-956D-1DBE62423960}.Release|Any CPU.Build.0 = Release|Any CPU
	EndGlobalSection
	GlobalSection(SolutionProperties) = preSolution
		HideSolutionNode = FALSE
	EndGlobalSection
	GlobalSection(ExtensibilityGlobals) = postSolution
		SolutionGuid = {16D45381-5DBE-4062-9858-C193DAE390CE}
	EndGlobalSection
EndGlobal
