
Microsoft Visual Studio Solution File, Format Version 12.00
# Visual Studio Version 17
VisualStudioVersion = 17.7.34031.279
MinimumVisualStudioVersion = 10.0.40219.1
Project("{FAE04EC0-301F-11D3-BF4B-00C04F79EFBC}") = "Shared", "Common\Shared.csproj", "{FA80EB33-AD8E-446A-A3B9-71ED14167296}"
EndProject
Project("{FAE04EC0-301F-11D3-BF4B-00C04F79EFBC}") = "Client", "Code-FirstgRPCApi\Client.csproj", "{38C820D6-5309-4B4F-80FB-4FDF22B887A0}"
EndProject
Project("{FAE04EC0-301F-11D3-BF4B-00C04F79EFBC}") = "Server", "GrpcGreeterClient\Server.csproj", "{654A3B8D-6D91-4BF6-8804-EA20B3D1C6E5}"
EndProject
Global
	GlobalSection(SolutionConfigurationPlatforms) = preSolution
		Debug|Any CPU = Debug|Any CPU
		Release|Any CPU = Release|Any CPU
	EndGlobalSection
	GlobalSection(ProjectConfigurationPlatforms) = postSolution
		{FA80EB33-AD8E-446A-A3B9-71ED14167296}.Debug|Any CPU.ActiveCfg = Debug|Any CPU
		{FA80EB33-AD8E-446A-A3B9-71ED14167296}.Debug|Any CPU.Build.0 = Debug|Any CPU
		{FA80EB33-AD8E-446A-A3B9-71ED14167296}.Release|Any CPU.ActiveCfg = Release|Any CPU
		{FA80EB33-AD8E-446A-A3B9-71ED14167296}.Release|Any CPU.Build.0 = Release|Any CPU
		{38C820D6-5309-4B4F-80FB-4FDF22B887A0}.Debug|Any CPU.ActiveCfg = Debug|Any CPU
		{38C820D6-5309-4B4F-80FB-4FDF22B887A0}.Debug|Any CPU.Build.0 = Debug|Any CPU
		{38C820D6-5309-4B4F-80FB-4FDF22B887A0}.Release|Any CPU.ActiveCfg = Release|Any CPU
		{38C820D6-5309-4B4F-80FB-4FDF22B887A0}.Release|Any CPU.Build.0 = Release|Any CPU
		{654A3B8D-6D91-4BF6-8804-EA20B3D1C6E5}.Debug|Any CPU.ActiveCfg = Debug|Any CPU
		{654A3B8D-6D91-4BF6-8804-EA20B3D1C6E5}.Debug|Any CPU.Build.0 = Debug|Any CPU
		{654A3B8D-6D91-4BF6-8804-EA20B3D1C6E5}.Release|Any CPU.ActiveCfg = Release|Any CPU
		{654A3B8D-6D91-4BF6-8804-EA20B3D1C6E5}.Release|Any CPU.Build.0 = Release|Any CPU
	EndGlobalSection
	GlobalSection(SolutionProperties) = preSolution
		HideSolutionNode = FALSE
	EndGlobalSection
	GlobalSection(ExtensibilityGlobals) = postSolution
		SolutionGuid = {16D45381-5DBE-4062-9858-C193DAE390CE}
	EndGlobalSection
EndGlobal
